
Microsoft Visual Studio Solution File, Format Version 12.00
# Visual Studio Version 16
VisualStudioVersion = 16.0.30114.105
MinimumVisualStudioVersion = 10.0.40219.1
Project("{FAE04EC0-301F-11D3-BF4B-00C04F79EFBC}") = "SpaceBattle.Lib", "SpaceBattle.Lib\SpaceBattle.Lib.csproj", "{F34AFC7C-1DF1-45DD-9BF9-2C41F5762B85}"
EndProject
Project("{FAE04EC0-301F-11D3-BF4B-00C04F79EFBC}") = "SpaceBattle.Lib.Test", "SpaceBattle.Lib.Test\SpaceBattle.Lib.Test.csproj", "{537D9B0A-43C6-4627-98A4-34D6DF1AEC5D}"
EndProject
Global
	GlobalSection(SolutionConfigurationPlatforms) = preSolution
		Debug|Any CPU = Debug|Any CPU
		Release|Any CPU = Release|Any CPU
	EndGlobalSection
	GlobalSection(SolutionProperties) = preSolution
		HideSolutionNode = FALSE
	EndGlobalSection
	GlobalSection(ProjectConfigurationPlatforms) = postSolution
		{F34AFC7C-1DF1-45DD-9BF9-2C41F5762B85}.Debug|Any CPU.ActiveCfg = Debug|Any CPU
		{F34AFC7C-1DF1-45DD-9BF9-2C41F5762B85}.Debug|Any CPU.Build.0 = Debug|Any CPU
		{F34AFC7C-1DF1-45DD-9BF9-2C41F5762B85}.Release|Any CPU.ActiveCfg = Release|Any CPU
		{F34AFC7C-1DF1-45DD-9BF9-2C41F5762B85}.Release|Any CPU.Build.0 = Release|Any CPU
		{537D9B0A-43C6-4627-98A4-34D6DF1AEC5D}.Debug|Any CPU.ActiveCfg = Debug|Any CPU
		{537D9B0A-43C6-4627-98A4-34D6DF1AEC5D}.Debug|Any CPU.Build.0 = Debug|Any CPU
		{537D9B0A-43C6-4627-98A4-34D6DF1AEC5D}.Release|Any CPU.ActiveCfg = Release|Any CPU
		{537D9B0A-43C6-4627-98A4-34D6DF1AEC5D}.Release|Any CPU.Build.0 = Release|Any CPU
	EndGlobalSection
EndGlobal
